
Microsoft Visual Studio Solution File, Format Version 12.00
# Visual Studio Version 17
VisualStudioVersion = 17.2.32516.85
MinimumVisualStudioVersion = 10.0.40219.1
Project("{FAE04EC0-301F-11D3-BF4B-00C04F79EFBC}") = "Practica9_baseDeDatos", "Practica9_baseDeDatos.csproj", "{A9BCDCE0-80CC-46EB-9D6D-1D7336810573}"
EndProject
Global
	GlobalSection(SolutionConfigurationPlatforms) = preSolution
		Debug|Any CPU = Debug|Any CPU
		Release|Any CPU = Release|Any CPU
	EndGlobalSection
	GlobalSection(ProjectConfigurationPlatforms) = postSolution
		{A9BCDCE0-80CC-46EB-9D6D-1D7336810573}.Debug|Any CPU.ActiveCfg = Debug|Any CPU
		{A9BCDCE0-80CC-46EB-9D6D-1D7336810573}.Debug|Any CPU.Build.0 = Debug|Any CPU
		{A9BCDCE0-80CC-46EB-9D6D-1D7336810573}.Release|Any CPU.ActiveCfg = Release|Any CPU
		{A9BCDCE0-80CC-46EB-9D6D-1D7336810573}.Release|Any CPU.Build.0 = Release|Any CPU
	EndGlobalSection
	GlobalSection(SolutionProperties) = preSolution
		HideSolutionNode = FALSE
	EndGlobalSection
	GlobalSection(ExtensibilityGlobals) = postSolution
		SolutionGuid = {99A3C057-8842-4501-89CA-9DD895FDA2B5}
	EndGlobalSection
EndGlobal
