
Microsoft Visual Studio Solution File, Format Version 12.00
# Visual Studio Version 17
VisualStudioVersion = 17.0.32112.339
MinimumVisualStudioVersion = 10.0.40219.1
Project("{FAE04EC0-301F-11D3-BF4B-00C04F79EFBC}") = "WPFarchivos", "WPFarchivos.csproj", "{F081824B-AF1E-4CE3-A2A6-7513C9E90920}"
EndProject
Global
	GlobalSection(SolutionConfigurationPlatforms) = preSolution
		Debug|Any CPU = Debug|Any CPU
		Release|Any CPU = Release|Any CPU
	EndGlobalSection
	GlobalSection(ProjectConfigurationPlatforms) = postSolution
		{F081824B-AF1E-4CE3-A2A6-7513C9E90920}.Debug|Any CPU.ActiveCfg = Debug|Any CPU
		{F081824B-AF1E-4CE3-A2A6-7513C9E90920}.Debug|Any CPU.Build.0 = Debug|Any CPU
		{F081824B-AF1E-4CE3-A2A6-7513C9E90920}.Release|Any CPU.ActiveCfg = Release|Any CPU
		{F081824B-AF1E-4CE3-A2A6-7513C9E90920}.Release|Any CPU.Build.0 = Release|Any CPU
	EndGlobalSection
	GlobalSection(SolutionProperties) = preSolution
		HideSolutionNode = FALSE
	EndGlobalSection
	GlobalSection(ExtensibilityGlobals) = postSolution
		SolutionGuid = {47B2E186-5CA4-4390-9EDF-AC1AC5F44EFA}
	EndGlobalSection
EndGlobal
